schema: '2.0'
stages:
  prepare:
    cmd: python3 src/prepare.py
    deps:
    - path: src/prepare.py
      md5: ab7738148726fe4e85ec9899d7fbfd22
      size: 663
    params:
      params.yaml:
        prepare.count: 13
    outs:
    - path: data/prepared
      md5: 5de4e16ddc7cab36d4dc468d0d95304a.dir
      size: 533971
      nfiles: 10
  predict:
    cmd: python3 src/predict.py data/prepared data/predictions data/store
    deps:
    - path: data/prepared
      md5: 6c413d09444da492c92c80a0c9250f82.dir
      size: 533971
      nfiles: 10
    - path: src/prepare.py
      md5: ab7738148726fe4e85ec9899d7fbfd22
      size: 663
    params:
      params.yaml:
        prepare.count: 7
    outs:
    - path: data/predictions
      md5: ea5c0215dbaba6aaf0504a849fffcc0b.dir
      size: 1482
      nfiles: 1
  transform:
    cmd: python3 src/transform.py
    deps:
    - path: data/prepared
      md5: 5de4e16ddc7cab36d4dc468d0d95304a.dir
      size: 533971
      nfiles: 10
    - path: src/transform.py
      md5: cf224d0739af74afdef26ff6aa5a1ca8
      size: 1771
    params:
      params.yaml:
        prepare.count: 13
    outs:
    - path: data/transform
      md5: 108133eadf85490a8bbbbeb87b843936.dir
      size: 1721
      nfiles: 1
