schema: '2.0'
stages:
  prepare:
    cmd: python3 src/ingest.py
    deps:
    - path: src/ingest.py
      md5: 84d90fd439dd34ce8d30441d509a7cc2
      size: 608
    params:
      params.yaml:
        prepare.count: 5
    outs:
    - path: data/prepared
      md5: c73d6234f10f1098b91c68f7a81b30a4.dir
      size: 533971
      nfiles: 10
  predict:
    cmd: python3 src/predict.py data/prepared data/predictions data/store
    deps:
    - path: data/prepared
      md5: 5520452407afd243e6782a7f5e89246b.dir
      size: 805019
      nfiles: 20
    - path: src/predict.py
      md5: 0ec11538d37c499c6f36949498f1d2ec
      size: 2210
    params:
      params.yaml:
        prepare.count: 15
    outs:
    - path: data/predictions
      md5: 63566f4dbddcabe24464f8a38f2b617a.dir
      size: 2393
      nfiles: 1
  transform:
    cmd: python3 src/transform.py data/prepared data/transformed
    deps:
    - path: data/prepared
      md5: 5520452407afd243e6782a7f5e89246b.dir
      size: 805019
      nfiles: 20
    - path: src/transform.py
      md5: 0b580a228983e6d4e2d843157b0116fc
      size: 2416
    params:
      params.yaml:
        prepare.count: 15
    outs:
    - path: data/transformed
      md5: bca43e61992ecf627ce338c266420119.dir
      size: 2449
      nfiles: 1
  evaluate:
    cmd: python3 src/evaluate.py data/prepared data/transformed data/predictions data/evaluated
      data/store
    deps:
    - path: data/predictions
      md5: 63566f4dbddcabe24464f8a38f2b617a.dir
      size: 2393
      nfiles: 1
    - path: data/prepared
      md5: 5520452407afd243e6782a7f5e89246b.dir
      size: 805019
      nfiles: 20
    - path: data/transformed
      md5: bca43e61992ecf627ce338c266420119.dir
      size: 2449
      nfiles: 1
    params:
      params.yaml:
        prepare.count: 15
    outs:
    - path: data/evaluated
      md5: 88304f9d3122d9bcd00a2b9b37f05940.dir
      size: 853125
      nfiles: 10
  ingest:
    cmd: python3 src/ingest.py
    deps:
    - path: src/ingest.py
      md5: 84d90fd439dd34ce8d30441d509a7cc2
      size: 608
    params:
      params.yaml:
        prepare.count: 15
    outs:
    - path: data/prepared
      md5: 5520452407afd243e6782a7f5e89246b.dir
      size: 805019
      nfiles: 20
